
Microsoft Visual Studio Solution File, Format Version 12.00
# Visual Studio 15
VisualStudioVersion = 15.0.28307.1525
MinimumVisualStudioVersion = 10.0.40219.1
Project("{FAE04EC0-301F-11D3-BF4B-00C04F79EFBC}") = "ShubhamVadnere.WebMobi", "ShubhamVadnere.WebMobi\ShubhamVadnere.WebMobi.csproj", "{2C408AA4-BBE6-4280-95F7-CB5535B4FBB6}"
EndProject
Global
	GlobalSection(SolutionConfigurationPlatforms) = preSolution
		Debug|Any CPU = Debug|Any CPU
		Release|Any CPU = Release|Any CPU
	EndGlobalSection
	GlobalSection(ProjectConfigurationPlatforms) = postSolution
		{2C408AA4-BBE6-4280-95F7-CB5535B4FBB6}.Debug|Any CPU.ActiveCfg = Debug|Any CPU
		{2C408AA4-BBE6-4280-95F7-CB5535B4FBB6}.Debug|Any CPU.Build.0 = Debug|Any CPU
		{2C408AA4-BBE6-4280-95F7-CB5535B4FBB6}.Release|Any CPU.ActiveCfg = Release|Any CPU
		{2C408AA4-BBE6-4280-95F7-CB5535B4FBB6}.Release|Any CPU.Build.0 = Release|Any CPU
	EndGlobalSection
	GlobalSection(SolutionProperties) = preSolution
		HideSolutionNode = FALSE
	EndGlobalSection
	GlobalSection(ExtensibilityGlobals) = postSolution
		SolutionGuid = {78B0CEFB-B838-4592-9350-E1C9D6F6A134}
	EndGlobalSection
EndGlobal
